version = 1
revision = 5
requires-python = ">=3.12, <3.15"

[[package]]
name = "aether"
version = "0.1.0"
source = { virtual = "." }
dependencies = [
    { name = "django" },
    { name = "django-environ" },
    { name = "psycopg", extra = ["binary"] },
]

[package.dev-dependencies]
dev = [
    { name = "pylint" },
    { name = "pylint-django" },
]

[package.metadata]
requires-dist = [
    { name = "django", specifier = ">=6.1.2" },
    { name = "django-environ", specifier = ">=0.14.0" },
    { name = "psycopg", extras = ["binary"], specifier = ">=3.1.12" },
]

[package.metadata.requires-dev]
dev = [
    { name = "pylint", specifier = ">=4.1.2" },
    { name = "pylint-django", specifier = ">=2.8.0" },
]

[[package]]
name = "asgiref"
version = "3.12.1"
source = { registry = "https://pypi.org/simple" }
sdist = { url = "https://files.pythonhosted.org/packages/e6/26/3b59f2bdae5f640389becb1f673cded775287f5fc4f816309d9ca9a3f93d/asgiref-3.12.1.tar.gz", hash = "sha256:59dcb51c272ad209d59bed5708a64a333083e86017d7fcdd67498eeab7784340", size = 42378, upload-time = "2026-07-14T09:56:18.087Z" }
wheels = [
    { url = "https://files.pythonhosted.org/packages/c0/1b/54f4ad77cd8a584fa70746c47df988e002cf1ee1eba43364d46f87803647/asgiref-3.12.1-py3-none-any.whl", hash = "sha256:fe386d1c2bff7259ea95929266d12a8cf9a8b5a1c2598402967d8792e7a7c094", size = 25478, upload-time = "2026-07-14T09:56:16.926Z" },
]

[[package]]
name = "astroid"
version = "4.3.4"
source = { registry = "https://pypi.org/simple" }
sdist = { url = "https://files.pythonhosted.org/packages/2d/87/5732fa68bf100a095cfcbd108f919220d995db99e1a7502b8119a869fd62/astroid-4.3.4.tar.gz", hash = "sha256:d515a105722b72098bbe82d430d65e635f742b6cbac3bdfaf8b7c188b87c5e39", size = 444627, upload-time = "2026-10-08T09:36:44.122Z" }
wheels = [
    { url = "https://files.pythonhosted.org/packages/16/d4/f23c0ac6e6de33ba5686cb21c672c95e0c2d3d4c9351f16d3b5fed818652/astroid-4.3.4-py3-none-any.whl", hash = "sha256:2bcd0d02648a443a4b818c952c3550091989daefac3c12d3b83b2289482e0818", size = 288310, upload-time = "2026-10-08T09:36:42.284Z" },
]

[[package]]
name = "colorama"
version = "0.4.6"
source = { registry = "https://pypi.org/simple" }
sdist = { url = "https://files.pythonhosted.org/packages/d8/53/6f443c9a4a8358a93a6792e2acffb9d9d5cb0a5cfd8802644b7b1c9a02e4/colorama-0.4.6.tar.gz", hash = "sha256:08695f5cb7ed6e0531a20572697297273c47b8cae5a63ffc6d6ed5c201be6e44", size = 27697, upload-time = "2022-10-25T02:36:22.414Z" }
wheels = [
    { url = "https://files.pythonhosted.org/packages/d1/d6/3965ed04c63042e047cb6a3e6ed1a63a35087b6a609aa3a15ed8ac56c221/colorama-0.4.6-py2.py3-none-any.whl", hash = "sha256:4f1d9991f5acc0ca119f9d443620b77f9d6b33703e51011c16baf57afb285fc6", size = 25335, upload-time = "2022-10-25T02:36:20.889Z" },
]

[[package]]
name = "dill"
version = "0.4.1"
source = { registry = "https://pypi.org/simple" }
sdist = { url = "https://files.pythonhosted.org/packages/81/e1/56027a71e31b02ddc53c7d65b01e68edf64dea2932122fe7746a516f75d5/dill-0.4.1.tar.gz", hash = "sha256:423092df4182177d4d8ba8290c8a5b640c66ab35ec7da59ccfa00f6fa3eea5fa", size = 187315, upload-time = "2026-01-19T02:36:56.85Z" }
wheels = [
    { url = "https://files.pythonhosted.org/packages/1e/77/dc8c558f7593132cf8fefec57c4f60c83b16941c574ac5f619abb3ae7933/dill-0.4.1-py3-none-any.whl", hash = "sha256:1e1ce33e978ae97fcfcff5638477032b801c46c7c65cf717f95fbc2248f79a9d", size = 120019, upload-time = "2026-01-19T02:36:55.663Z" },
]

[[package]]
name = "django"
version = "6.1.2"
source = { registry = "https://pypi.org/simple" }
dependencies = [
    { name = "asgiref" },
    { name = "sqlparse" },
    { name = "tzdata", marker = "sys_platform == 'win32'" },
]
sdist = { url = "https://files.pythonhosted.org/packages/89/24/20d187a22ac821288b53c53b8f696019dcb0c7b4f973f052ade19392c74d/django-6.1.2.tar.gz", hash = "sha256:a1e92451ccb8b514e91bbb3b6d186d20b4030558f116b5d9de6535455ff210b7", size = 11251425, upload-time = "2026-10-06T12:53:29.622Z" }
wheels = [
    { url = "https://files.pythonhosted.org/packages/c9/83/90ff2dbfac7b519ed77620bdbb827cd2d1a83faf00d076bf95056428bce7/django-6.1.2-py3-none-any.whl", hash = "sha256:141efee6ec64d1db6db90683bf734c550102450f444fb099063b0be1bd27d991", size = 8420684, upload-time = "2026-10-06T12:53:17.381Z" },
]

[[package]]
name = "django-environ"
version = "0.14.0"
source = { registry = "https://pypi.org/simple" }
sdist = { url = "https://files.pythonhosted.org/packages/57/e1/4c4ddcf6e90f023e89edb1d92f9a7fffce61ad4b691df497f2f5c0be6e26/django_environ-0.14.0.tar.gz", hash = "sha256:b6c48d93b9d2ff8a3ea14099e90c35aa4f101c1b4d5f262dfee0d27b06742ed7", size = 60417, upload-time = "2026-06-18T22:49:55.847Z" }
wheels = [
    { url = "https://files.pythonhosted.org/packages/1a/fe/67b423fc30f16d10259e901320fbc121746bf168aaaad9043e6ebb0110c1/django_environ-0.14.0-py3-none-any.whl", hash = "sha256:8dbe8a57f0a540ab8abd6f54f230de5e99e3a2c9d797cb9caecb037bca3d47d8", size = 20934, upload-time = "2026-06-18T22:49:54.355Z" },
]

[[package]]
name = "isort"
version = "9.0.2"
source = { registry = "https://pypi.org/simple" }
dependencies = [
    { name = "mypy-extensions" },
]
sdist = { url = "https://files.pythonhosted.org/packages/da/cf/068066b8fdab91cd40bcd63e483137908710a3d25a4d3a01b538be45d9d6/isort-9.0.2.tar.gz", hash = "sha256:d2298980ce44350f11d9d24c8150eaef1883431ec203dddbb4e9b5c3ceb54c70", size = 685196, upload-time = "2026-09-28T19:21:58.07Z" }
wheels = [
    { url = "https://files.pythonhosted.org/packages/41/c3/3cd3e0f66af21e1bf917f50b45d3389de3d9a25661f2e7f74e51c7fb37a8/isort-9.0.2-cp312-cp312-macosx_11_0_arm64.whl", hash = "sha256:a05dc63cb6ae2a8e62ec4184153f424b1650593e00a24e6138184c46193891e9", size = 1062138, upload-time = "2026-09-28T19:21:11.782Z" },
    { url = "https://files.pythonhosted.org/packages/ab/36/512c41f0d9f4c2a61d56d383db21d42a9b82b4f768827f7e852139d14123/isort-9.0.2-cp312-cp312-manylinux2014_x86_64.manylinux_2_17_x86_64.manylinux_2_28_x86_64.whl", hash = "sha256:af8be0b5cac101202c8255360e5de832ebbb84b2e863dc0f65dbb1a3d63dd40a", size = 1680120, upload-time = "2026-09-28T19:21:13.474Z" },
    { url = "https://files.pythonhosted.org/packages/84/6f/44fa0de7eb71d576d08d0ad3a1d5d401d6cc0c4f908d76159c52b690e6de/isort-9.0.2-cp312-cp312-musllinux_1_2_x86_64.whl", hash = "sha256:3fe693c1e56781de387a6c206306e9e5e560cfeb4acdfd85f0c46122afd48792", size = 1669955, upload-time = "2026-09-28T19:21:15.095Z" },
    { url = "https://files.pythonhosted.org/packages/b1/cc/89e9a499612665321a1f05e3bb1f4ff6f99e170568cff5c0162bd5d82ae6/isort-9.0.2-cp312-cp312-win_amd64.whl", hash = "sha256:f7a9efeb3689c7327a0d637eb4e12691e8d5ab1297caee997b144dc595ccb93f", size = 880360, upload-time = "2026-09-28T19:21:16.534Z" },
    { url = "https://files.pythonhosted.org/packages/99/44/b51a78a2aee3bc14b91d5f071aea2fe35d9acde5f65f0ac5cb77800616a3/isort-9.0.2-cp313-cp313-macosx_11_0_arm64.whl", hash = "sha256:f65ff614632ddc3306c40f619717b3b3ca69938ffee21d97110056d52472c79a", size = 1038192, upload-time = "2026-09-28T19:21:18.25Z" },
    { url = "https://files.pythonhosted.org/packages/28/54/0ac6f7cf254c29bde0832dc655b0327d84752c4511f9f56fbd0778251542/isort-9.0.2-cp313-cp313-manylinux2014_x86_64.manylinux_2_17_x86_64.manylinux_2_28_x86_64.whl", hash = "sha256:e5f11c7ccd5f079ac0431fe52c7b38ea5d9f4e31a1889746de81dac0e7b0a766", size = 1670286, upload-time = "2026-09-28T19:21:19.895Z" },
    { url = "https://files.pythonhosted.org/packages/65/0c/22a3f073415110f95a9fcfd9aaee72144545c66e5fd99a3ed15c8634e8f1/isort-9.0.2-cp313-cp313-musllinux_1_2_x86_64.whl", hash = "sha256:810561edf6f1f5f3600f02aa709603a4360d5290c5fff2ae4b370090dd1a5445", size = 1660662, upload-time = "2026-09-28T19:21:21.599Z" },
    { url = "https://files.pythonhosted.org/packages/5f/da/c357996945d7fcd653281e2b53cf5f16ec7c540d86bac045581ecff5ed63/isort-9.0.2-cp313-cp313-pyemscripten_2025_0_wasm32.whl", hash = "sha256:e2636222848a48cadbd712280058b5da19fa147c501132e04a486a5bddcc9e28", size = 465149, upload-time = "2026-09-28T19:21:23.392Z" },
    { url = "https://files.pythonhosted.org/packages/99/fc/3f477cb8ac91b116773bd0682d072c0bcf2bcf5d77ee288c1e46a95b0c8a/isort-9.0.2-cp313-cp313-win_amd64.whl", hash = "sha256:71870ac3b1afdf3c259b8404c05076d3ab874122fec6f78339f1c92d2c29b012", size = 884875, upload-time = "2026-09-28T19:21:25.403Z" },
    { url = "https://files.pythonhosted.org/packages/53/25/b0dae3025157f020d9010bc126120e703b50ed74ebfb5ca56be81e064d0c/isort-9.0.2-cp314-cp314-macosx_11_0_arm64.whl", hash = "sha256:bd8c4fb9829a5e7117d9f71f540ff1e8caafb471e574012057ce6dc35fda2d7b", size = 1039110, upload-time = "2026-09-28T19:21:27.024Z" },
    { url = "https://files.pythonhosted.org/packages/7e/da/f97a4905cf8212c31d584f0222ae8b1deed391e42db910e8e908eb89002e/isort-9.0.2-cp314-cp314-manylinux2014_x86_64.manylinux_2_17_x86_64.manylinux_2_28_x86_64.whl", hash = "sha256:6eb3e714d64de6eba78ee29051f7fc80613c74e90c6f54f84082f59c429c0a0b", size = 1674555, upload-time = "2026-09-28T19:21:28.645Z" },
    { url = "https://files.pythonhosted.org/packages/90/f4/df11f0de3a2796ef1a74071d1331158b67961770c8066850d60f362ba7cc/isort-9.0.2-cp314-cp314-musllinux_1_2_x86_64.whl", hash = "sha256:bf3ef0a91974f29f406e25eef0e04781fd5c2254b8ab55e7655b20d8cd7c5514", size = 1666034, upload-time = "2026-09-28T19:21:30.35Z" },
    { url = "https://files.pythonhosted.org/packages/15/f0/0007f037135659de11f6ef29563b75c8080eeb51d67f37e82128d66613dc/isort-9.0.2-cp314-cp314-pyemscripten_2026_0_wasm32.whl", hash = "sha256:cd1e0e5e61497e95a4e5be269088e6a1013f530aeccf6ebd6134f403285ecd63", size = 464424, upload-time = "2026-09-28T19:21:31.98Z" },
    { url = "https://files.pythonhosted.org/packages/ae/5c/f64d0cc97abbdf6f7902b0e38171e5101842ba75ac22212fd6d254156bb3/isort-9.0.2-cp314-cp314-win_amd64.whl", hash = "sha256:11da67a30f5a88383c71db075488ca3d081f427f53368f90bb1d74e958a9b040", size = 903922, upload-time = "2026-09-28T19:21:33.412Z" },
    { url = "https://files.pythonhosted.org/packages/14/8a/c0bdd165c6cfcb7c87b3acdee5ebc03e10da5317482017084cdf92a2a076/isort-9.0.2-cp314-cp314t-macosx_11_0_arm64.whl", hash = "sha256:f7c2fa33e1c9fbcf9fd639997e4550515c0b712b52ed70a059124a5247825480", size = 1106274, upload-time = "2026-09-28T19:21:35.13Z" },
    { url = "https://files.pythonhosted.org/packages/b9/ec/4ab29f699d58baa7c00840bc66328ce8f06be31cd36250aef8d4f71bd24e/isort-9.0.2-cp314-cp314t-manylinux2014_x86_64.manylinux_2_17_x86_64.manylinux_2_28_x86_64.whl", hash = "sha256:85e859fd72e50c27306d05185f9472ed97fae9e1cce91c0e891260d16f2ecece", size = 1887727, upload-time = "2026-09-28T19:21:37.015Z" },
    { url = "https://files.pythonhosted.org/packages/bc/ec/12f58041288e08c35dc9a719108482c2c599b157ce0913454d57d32c7b5c/isort-9.0.2-cp314-cp314t-musllinux_1_2_x86_64.whl", hash = "sha256:2a960e4252ac5b00f78adc0f731529e122657ee642e650896b36e1ff83028023", size = 1905479, upload-time = "2026-09-28T19:21:38.789Z" },
    { url = "https://files.pythonhosted.org/packages/56/ea/69fd476d07e5dddea5b41d6b3adfad4d2f5d251362f2fb594f2cfd0f5308/isort-9.0.2-cp314-cp314t-win_amd64.whl", hash = "sha256:91b60ce3d96fcb0730d61fc5ab84ee5b56d676fbb92550f7ea333f58778f2f20", size = 928154, upload-time = "2026-09-28T19:21:40.745Z" },
    { url = "https://files.pythonhosted.org/packages/8b/c9/0849e74b868ef10312eecfc24278710e97dd14bc49c1df629d7df142d318/isort-9.0.2-py3-none-any.whl", hash = "sha256:6c29deeb39698a8717823b7f75b2ac58c5e8ab8dcf6cf31205a72a6617fb454e", size = 105052, upload-time = "2026-09-28T19:21:56.512Z" },
]

[[package]]
name = "mccabe"
version = "0.7.0"
source = { registry = "https://pypi.org/simple" }
sdist = { url = "https://files.pythonhosted.org/packages/e7/ff/0ffefdcac38932a54d2b5eed4e0ba8a408f215002cd178ad1df0f2806ff8/mccabe-0.7.0.tar.gz", hash = "sha256:348e0240c33b60bbdf4e523192ef919f28cb2c3d7d5c7794f74009290f236325", size = 9658, upload-time = "2022-01-24T01:14:51.113Z" }
wheels = [
    { url = "https://files.pythonhosted.org/packages/27/1a/1f68f9ba0c207934b35b86a8ca3aad8395a3d6dd7921c0686e23853ff5a9/mccabe-0.7.0-py2.py3-none-any.whl", hash = "sha256:6c2d30ab6be0e4a46919781807b4f0d834ebdd6c6e3dca0bda5a15f863427b6e", size = 7350, upload-time = "2022-01-24T01:14:49.62Z" },
]

[[package]]
name = "mypy-extensions"
version = "1.1.0"
source = { registry = "https://pypi.org/simple" }
sdist = { url = "https://files.pythonhosted.org/packages/a2/6e/371856a3fb9d31ca8dac321cda606860fa4548858c0cc45d9d1d4ca2628b/mypy_extensions-1.1.0.tar.gz", hash = "sha256:52e68efc3284861e772bbcd66823fde5ae21fd2fdb51c62a211403730b916558", size = 6343, upload-time = "2025-04-22T14:54:24.164Z" }
wheels = [
    { url = "https://files.pythonhosted.org/packages/79/7b/2c79738432f5c924bef5071f933bcc9efd0473bac3b4aa584a6f7c1c8df8/mypy_extensions-1.1.0-py3-none-any.whl", hash = "sha256:1be4cccdb0f2482337c4743e60421de3a356cd97508abadd57d47403e94f5505", size = 4963, upload-time = "2025-04-22T14:54:22.983Z" },
]

[[package]]
name = "platformdirs"
version = "4.12.4"
source = { registry = "https://pypi.org/simple" }
sdist = { url = "https://files.pythonhosted.org/packages/90/a1/d5f9002a70298c64a789779077d8dd90c10aa1f47fe40c86802df874f2a6/platformdirs-4.12.4.tar.gz", hash = "sha256:63743c02414e755de4e31b8f68125c1407495b86c5a006e203c01ff8b9924250", size = 60010, upload-time = "2026-10-07T23:30:32.426Z" }
wheels = [
    { url = "https://files.pythonhosted.org/packages/f4/ba/223e00b885e960edd5d4b4d178c88acce019bd5b83786093681b8c393492/platformdirs-4.12.4-py3-none-any.whl", hash = "sha256:78bfb9db2a8471ed7eebe3c3c932da413911042994e699b384fbb4493fa872d7", size = 32596, upload-time = "2026-10-07T23:30:30.825Z" },
]

[[package]]
name = "psycopg"
version = "3.3.6"
source = { registry = "https://pypi.org/simple" }
dependencies = [
    { name = "typing-extensions", marker = "python_full_version < '3.13'" },
    { name = "tzdata", marker = "sys_platform == 'win32'" },
]
sdist = { url = "https://files.pythonhosted.org/packages/76/26/3ea4ca5eaea1c0debcdf7ee7c1613fbe721dc27a03c461c0817ffd8a0601/psycopg-3.3.6.tar.gz", hash = "sha256:c081f2250df751a943036e42db6df4571c66cd0aabe8291a7a506512b12007d2", size = 168171, upload-time = "2026-09-18T13:22:55.152Z" }
wheels = [
    { url = "https://files.pythonhosted.org/packages/4e/de/748bd7609c71cae5d737f0ba9192f19329f70180ecda8fff3cac02c5abe3/psycopg-3.3.6-py3-none-any.whl", hash = "sha256:a1db9f7148b06a28606767efaca51fa6f9398c5c0a3810519be69d7000bdb631", size = 215490, upload-time = "2026-09-18T13:15:29.374Z" },
]

[package.optional-dependencies]
binary = [
    { name = "psycopg-binary", marker = "implementation_name != 'pypy'" },
]

[[package]]
name = "psycopg-binary"
version = "3.3.6"
source = { registry = "https://pypi.org/simple" }
wheels = [
    { url = "https://files.pythonhosted.org/packages/e6/01/2cdd1824e58b4467ee0b9498664cd28c42d8794db6b1e35b6bcb834f0044/psycopg_binary-3.3.6-cp312-cp312-macosx_10_13_x86_64.whl", hash = "sha256:3f84dab25e0385692ee13274c68678377e0b1a70ab9d14e56264cbf61f60c62d", size = 4707086, upload-time = "2026-09-18T13:18:05.138Z" },
    { url = "https://files.pythonhosted.org/packages/f6/76/de9948ac06895261c84d5b9fbe283d8f3c5bc9f070691b8d9eaa1b51e322/psycopg_binary-3.3.6-cp312-cp312-macosx_11_0_arm64.whl", hash = "sha256:612382ac3ed13651c7fa44b5fee9fbf7baaa2ddbc6f500391672682c5f1df9e0", size = 4769607, upload-time = "2026-09-18T13:18:12.83Z" },
    { url = "https://files.pythonhosted.org/packages/76/a9/72436c9915ee4905964689e7f0e182ce7767cc0a0390b3ce703be8177625/psycopg_binary-3.3.6-cp312-cp312-manylinux2014_ppc64le.manylinux_2_17_ppc64le.whl", hash = "sha256:366db6e97e66b37211475f20c4c1324a2dc0dd825e46d4e87f9d599304d276f9", size = 5554134, upload-time = "2026-09-18T13:18:21.175Z" },
    { url = "https://files.pythonhosted.org/packages/0a/42/948bb3d2617795093512613fd96ba380e922992c7908fbc073858147d196/psycopg_binary-3.3.6-cp312-cp312-manylinux2014_x86_64.manylinux_2_17_x86_64.whl", hash = "sha256:1679a1cb93fbe5a6d1fd58d82cbddcc6fcb8c61446ba7cae6eb2a7b19bc585de", size = 5235723, upload-time = "2026-09-18T13:18:27.071Z" },
    { url = "https://files.pythonhosted.org/packages/99/47/93e823ff1b0088400703410939c9bda3e63ed9c850b3ee088e8769f4c10b/psycopg_binary-3.3.6-cp312-cp312-manylinux_2_27_aarch64.manylinux_2_28_aarch64.whl", hash = "sha256:37d40450659401600e6d043ff586c89a71a69f33cbb8bcdba6cdb2569beecdbe", size = 6833587, upload-time = "2026-09-18T13:18:33.794Z" },
    { url = "https://files.pythonhosted.org/packages/5e/2d/ecc69c847795aa704041a9f5667a6b0938a088cf1853636d762a6938e493/psycopg_binary-3.3.6-cp312-cp312-manylinux_2_38_riscv64.manylinux_2_39_riscv64.whl", hash = "sha256:a5165300324efd5a772c48a88ab3a928513ab3979fca76553e62ee815f7b2b9c", size = 5070013, upload-time = "2026-09-18T13:18:39.628Z" },
    { url = "https://files.pythonhosted.org/packages/92/36/6126f0dac21713dcae91404f2a76da18598a6252339a8c669c46370d43b2/psycopg_binary-3.3.6-cp312-cp312-musllinux_1_2_aarch64.whl", hash = "sha256:d636338c8f21b0df2f84657b00bc34f9313f826ef93f1155bc743607e4a0c5eb", size = 4597367, upload-time = "2026-09-18T13:18:45.023Z" },
    { url = "https://files.pythonhosted.org/packages/4d/29/7ecfc04243b46c89ffd49924e9c5634ea904ef96c7d0f37e4073623584c1/psycopg_binary-3.3.6-cp312-cp312-musllinux_1_2_ppc64le.whl", hash = "sha256:a4ee3bdd5468a725f2a4d9aab8a74b6d0279f768c8b5d3aeb102c5307ff3d59c", size = 4275419, upload-time = "2026-09-18T13:18:49.299Z" },
    { url = "https://files.pythonhosted.org/packages/6e/90/2f46d2e0de79706ac170df0a3637fe63c4498fc04f131f6049520b78b806/psycopg_binary-3.3.6-cp312-cp312-musllinux_1_2_riscv64.whl", hash = "sha256:289aadd6a00e151203c081f708348ec89f1e483c9b510ef4ac3981f847f01f79", size = 4007358, upload-time = "2026-09-18T13:18:53.944Z" },
    { url = "https://files.pythonhosted.org/packages/03/48/6744e91291b751a8cf12d63d719977974bb94c84ceba913e7ddb2e478e51/psycopg_binary-3.3.6-cp312-cp312-musllinux_1_2_x86_64.whl", hash = "sha256:f21d057f3e5f5491067e5b292498073b73847d48799b099803fef100775fcc52", size = 4320156, upload-time = "2026-09-18T13:18:59.258Z" },
    { url = "https://files.pythonhosted.org/packages/1a/9b/94ff7fce53a64d5b286e2ec454e0a025cf3d6e6b4a9189bef16aa5de98b2/psycopg_binary-3.3.6-cp312-cp312-win_amd64.whl", hash = "sha256:e23a66a763fbe83fcc210bc77c27e5a5ea380ebf091c06f34d8561b695e5a40f", size = 3658864, upload-time = "2026-09-18T13:19:06.503Z" },
    { url = "https://files.pythonhosted.org/packages/b4/c3/c072584b69ad44a747b448cfc9766fecb8aae56e372a017e2ef668790057/psycopg_binary-3.3.6-cp313-cp313-macosx_10_13_x86_64.whl", hash = "sha256:5ad8f35e67cc16d1fad1fa8c88972dc9b3a3141ea67897399904edab96a301b6", size = 4712284, upload-time = "2026-09-18T13:19:13.451Z" },
    { url = "https://files.pythonhosted.org/packages/0a/b9/4283b785339e8e2318d03048994b093d650ea6289fabaa806b765dc0d449/psycopg_binary-3.3.6-cp313-cp313-macosx_11_0_arm64.whl", hash = "sha256:373704aea331d3f3e3402c125a1543f5875e2986ebb54f97d1647942161f803f", size = 4772031, upload-time = "2026-09-18T13:19:18.524Z" },
    { url = "https://files.pythonhosted.org/packages/6f/72/7a1321d359246769fff1affffbd0132785a28f7f63c18524c15a502398f4/psycopg_binary-3.3.6-cp313-cp313-manylinux2014_ppc64le.manylinux_2_17_ppc64le.whl", hash = "sha256:b82491019b884d62318b5f30706c3d7e6d4e5a6cb7eabcb3edc0c1b0fdaceae9", size = 5556392, upload-time = "2026-09-18T13:19:24.418Z" },
    { url = "https://files.pythonhosted.org/packages/de/b0/c6f8a0585a5dacbea74e130bcfc66629390e8f5bbc79d2a8e806e8952150/psycopg_binary-3.3.6-cp313-cp313-manylinux2014_x86_64.manylinux_2_17_x86_64.whl", hash = "sha256:cec5ea900390897d0b46130f60bc2883bf19c314f9044235217c8be88b0ef269", size = 5237855, upload-time = "2026-09-18T13:19:31.257Z" },
    { url = "https://files.pythonhosted.org/packages/e2/fc/c3a7a8bbef7e945ec584ac61d460a612363ea398511cd0e220242b1d69f1/psycopg_binary-3.3.6-cp313-cp313-manylinux_2_27_aarch64.manylinux_2_28_aarch64.whl", hash = "sha256:98c02090d88f2ebc0ec1e8da538f77d225ce0fffecf372aa39262e62a1b054ef", size = 6833856, upload-time = "2026-09-18T13:19:43.622Z" },
    { url = "https://files.pythonhosted.org/packages/a9/f2/8e80b921db728ebb68fc105bd7c4277f908210ad755bd6481d5ea7add740/psycopg_binary-3.3.6-cp313-cp313-manylinux_2_38_riscv64.manylinux_2_39_riscv64.whl", hash = "sha256:ee2c4728c691245e24501fcd7a97b5b381236b9985bc445bba88cdce7d1b5784", size = 5070730, upload-time = "2026-09-18T13:19:49.968Z" },
    { url = "https://files.pythonhosted.org/packages/54/6a/5b313e0c5348244f0e973aff3258bf86766656256d5ece8d541a53e35b4a/psycopg_binary-3.3.6-cp313-cp313-musllinux_1_2_aarch64.whl", hash = "sha256:f19cc87343eaa55255e76b31259a570072ac95d6ae82c92dd34b97691f5e49dc", size = 4598089, upload-time = "2026-09-18T13:19:56.426Z" },
    { url = "https://files.pythonhosted.org/packages/32/e9/db7f76ec24bf6699e92bf604e5c4bae10664a681a8999ef42aa0faf0f2c6/psycopg_binary-3.3.6-cp313-cp313-musllinux_1_2_ppc64le.whl", hash = "sha256:fdccb3a0e184b03e9baa673b15a809cf36c339c85dbda0ebc25a698846dfbee8", size = 4278481, upload-time = "2026-09-18T13:20:04.681Z" },
    { url = "https://files.pythonhosted.org/packages/61/83/72c67013656f4d6b547caabffb193e91d57e63f90eefdcc6d045c400e97d/psycopg_binary-3.3.6-cp313-cp313-musllinux_1_2_riscv64.whl", hash = "sha256:9892188bb15e5803beb51afe8a25add6b56be391a53058e8bca03b74e1e6bf22", size = 4009229, upload-time = "2026-09-18T13:20:11.905Z" },
    { url = "https://files.pythonhosted.org/packages/82/35/5e4500df2c999eb0faed8b184e6958b834172128274f06167a5deef4c19c/psycopg_binary-3.3.6-cp313-cp313-musllinux_1_2_x86_64.whl", hash = "sha256:3af90f92769d8cc10f94515ee7a0aef36ea85ca733a0ce22858f6e0953f41138", size = 4321467, upload-time = "2026-09-18T13:20:17.949Z" },
    { url = "https://files.pythonhosted.org/packages/55/7f/e350e1cf498ba2565c3f87b12f429d2012eb86b76c2b3845a19ee5fbb4d6/psycopg_binary-3.3.6-cp313-cp313-win_amd64.whl", hash = "sha256:0ebfad5d131de9f892ae9e70cc7616207768b6714b66a52d4612b8ceaf78b372", size = 3658179, upload-time = "2026-09-18T13:20:22.691Z" },
    { url = "https://files.pythonhosted.org/packages/6d/b9/60711317c284a442511644ea7185b56ebe627606d6741e732cd16108c47b/psycopg_binary-3.3.6-cp314-cp314-macosx_10_15_x86_64.whl", hash = "sha256:b3f75dee0f9afafabe4edc52c4842f1e1878ed2069bd05b22d6fe961e97e4dba", size = 4720512, upload-time = "2026-09-18T13:20:29.278Z" },
    { url = "https://files.pythonhosted.org/packages/63/da/28befc84454cbc6374550de7746f591f8fe1b6165c1fce249652cc8291c4/psycopg_binary-3.3.6-cp314-cp314-macosx_11_0_arm64.whl", hash = "sha256:5927b7ba63153cd8e9862987290a2b783a5c590daf2a4ef981700cc3569166d4", size = 4782318, upload-time = "2026-09-18T13:20:35.401Z" },
    { url = "https://files.pythonhosted.org/packages/a4/8a/0d21c2c833cdc0d4244c77e858e0ed37fa2abec2623be4fd686f617109ce/psycopg_binary-3.3.6-cp314-cp314-manylinux2014_ppc64le.manylinux_2_17_ppc64le.whl", hash = "sha256:0bf08b749cc144f33b44a91b78e3f71c60eb07963746a0df5a100b36ce3d7475", size = 5567460, upload-time = "2026-09-18T13:20:41.902Z" },
    { url = "https://files.pythonhosted.org/packages/49/6d/7692d0d4e656b6cc9868d8acc2e3b42f17a0db4a625400a6d093cb0533a1/psycopg_binary-3.3.6-cp314-cp314-manylinux2014_x86_64.manylinux_2_17_x86_64.whl", hash = "sha256:31cd942c23f613276b81a6e6598cefa12960058b0f46e1e874b540c793f6aca5", size = 5246902, upload-time = "2026-09-18T13:20:47.661Z" },
    { url = "https://files.pythonhosted.org/packages/d4/c1/b8a1f18fb1b7558a17f57f7cb3fc8bc93189feea2958925950b3acb15743/psycopg_binary-3.3.6-cp314-cp314-manylinux_2_27_aarch64.manylinux_2_28_aarch64.whl", hash = "sha256:4690cf67738f0e0e49a32aeec99bf0e4595cc2b4f1af984a4345394b1dcff91a", size = 6847192, upload-time = "2026-09-18T13:20:56.874Z" },
    { url = "https://files.pythonhosted.org/packages/a5/76/404f33519167c65cca88ec4998776f1dbebccc301ee977f0e62c47fb0826/psycopg_binary-3.3.6-cp314-cp314-manylinux_2_38_riscv64.manylinux_2_39_riscv64.whl", hash = "sha256:ad1c785e784cfd87e8436c6b7702f2d321fc39601bbaf29bc63a41a867091638", size = 5079573, upload-time = "2026-09-18T13:21:04.155Z" },
    { url = "https://files.pythonhosted.org/packages/f0/d9/79e8fbc8f37262a415f3550f0bcc5f98037442bf3d12ef6cbae2056655ae/psycopg_binary-3.3.6-cp314-cp314-musllinux_1_2_aarch64.whl", hash = "sha256:79a2a1c3449f6c3409427078ed1cec10de79f3023cb5f2504f0597d350ad46c7", size = 4613633, upload-time = "2026-09-18T13:21:10.664Z" },
    { url = "https://files.pythonhosted.org/packages/d4/47/96225db74be7d2ce04b3a58678b53cda610225055edf5faa775c9f501d8b/psycopg_binary-3.3.6-cp314-cp314-musllinux_1_2_ppc64le.whl", hash = "sha256:86147cb5d140341c3363fb5bacce31f8d5543902a46699d3c536b101bbceaf9e", size = 4293375, upload-time = "2026-09-18T13:21:16.027Z" },
    { url = "https://files.pythonhosted.org/packages/2a/d2/18e9c779a5efd565250329adaf529ecc2b8b2ed5be5cb0f6ccee208cbfd9/psycopg_binary-3.3.6-cp314-cp314-musllinux_1_2_riscv64.whl", hash = "sha256:7308c93cf0b19bbaf8e6ff0a6ad50d3c442385739245fe15a8d593bf841734a6", size = 4019883, upload-time = "2026-09-18T13:21:21.587Z" },
    { url = "https://files.pythonhosted.org/packages/ef/28/0cc654afc6c2cda982767f5679d3646b30b1ec86545bdaa9402202d6776c/psycopg_binary-3.3.6-cp314-cp314-musllinux_1_2_x86_64.whl", hash = "sha256:05a83ac9fd52b9bca7cb5ab04b3691163170bd16f53defa27216ea3aa07ee781", size = 4332607, upload-time = "2026-09-18T13:21:27.63Z" },
    { url = "https://files.pythonhosted.org/packages/f1/3e/0a753a74fbd7aef120f286c016e09d3cc3f1daf7688f4a145d27281260b2/psycopg_binary-3.3.6-cp314-cp314-win_amd64.whl", hash = "sha256:1fbd30e537dab22cafdf080608f10148fe2a5f3a61294ddb5113caac8a623840", size = 3755671, upload-time = "2026-09-18T13:21:33.855Z" },
]

[[package]]
name = "pylint"
version = "4.1.2"
source = { registry = "https://pypi.org/simple" }
dependencies = [
    { name = "astroid" },
    { name = "colorama", marker = "sys_platform == 'win32'" },
    { name = "dill" },
    { name = "isort" },
    { name = "mccabe" },
    { name = "platformdirs" },
    { name = "tomlkit" },
]
sdist = { url = "https://files.pythonhosted.org/packages/19/3c/be4bb2d62e3d1bee3f3aa14af5b294813ad53351cacb3b03fbaf3f851e03/pylint-4.1.2.tar.gz", hash = "sha256:235f13dc418c0041c649b42a5c35c99f2ffc6ca8b6a7574958eac5335906a68a", size = 1739885, upload-time = "2026-10-02T22:49:42.64Z" }
wheels = [
    { url = "https://files.pythonhosted.org/packages/90/61/b76698429225f848921f4d620f5c7b16f616daf53f99cc25afd1c86496fc/pylint-4.1.2-py3-none-any.whl", hash = "sha256:e34c8636edc7d60a2eaadca4ad6c18a49e202361987a26e81b2a17fa92be28e1", size = 585512, upload-time = "2026-10-02T22:49:40.451Z" },
]

[[package]]
name = "pylint-django"
version = "2.8.0"
source = { registry = "https://pypi.org/simple" }
dependencies = [
    { name = "pylint" },
    { name = "pylint-plugin-utils" },
]
sdist = { url = "https://files.pythonhosted.org/packages/71/a1/b92e5d5cf320b603c9bcc5174da7e9ba4c6ce71087354322a2b83536df13/pylint_django-2.8.0.tar.gz", hash = "sha256:42accea9098e4a3298b4bfbae0e4da81f909f8bff0deda9485efbd6035a86d6a", size = 32038, upload-time = "2026-07-11T10:19:14.844Z" }
wheels = [
    { url = "https://files.pythonhosted.org/packages/d1/4a/3dae8a09e12a28ccf3d7204cc4fb69f28dfb30d2b19567eb5ff094fe1265/pylint_django-2.8.0-py3-none-any.whl", hash = "sha256:706eb2cc8d7692236be9fd033a341042afe3bbbf99df9234a659db931016ef5d", size = 44672, upload-time = "2026-07-11T10:05:29.281Z" },
]

[[package]]
name = "pylint-plugin-utils"
version = "0.9.0"
source = { registry = "https://pypi.org/simple" }
dependencies = [
    { name = "pylint" },
]
sdist = { url = "https://files.pythonhosted.org/packages/73/85/24eaf5d0d078fc8799ae6d89faf326d6e4d27d862fc9a710a52ab07b7bb5/pylint_plugin_utils-0.9.0.tar.gz", hash = "sha256:5468d763878a18d5cc4db46eaffdda14313b043c962a263a7d78151b90132055", size = 10474, upload-time = "2025-06-24T07:14:00.534Z" }
wheels = [
    { url = "https://files.pythonhosted.org/packages/5e/c9/a3b871b0b590c49e38884af6dab58ab9711053bd5c39b8899b72e367b9f6/pylint_plugin_utils-0.9.0-py3-none-any.whl", hash = "sha256:16e9b84e5326ba893a319a0323fcc8b4bcc9c71fc654fcabba0605596c673818", size = 11129, upload-time = "2025-06-24T07:13:58.993Z" },
]

[[package]]
name = "sqlparse"
version = "0.6.0"
source = { registry = "https://pypi.org/simple" }
sdist = { url = "https://files.pythonhosted.org/packages/5f/d3/3f06a1006f2261d1342aefb3c71eed02f5d4ca5bdbecd86ebc12ad38306e/sqlparse-0.6.0.tar.gz", hash = "sha256:113c35c75365ab9cc9c7231d68c6428fb11c085fc8e9eb1ad659b7ddbf6cd2b9", size = 178477, upload-time = "2026-08-13T19:16:06.396Z" }
wheels = [
    { url = "https://files.pythonhosted.org/packages/d9/50/f00935da0ec7cbf325f8dc4f772ae46fbc7b672dd62876e73f0a94adda57/sqlparse-0.6.0-py3-none-any.whl", hash = "sha256:b861c0288ce2fa56209a9a6412d2e066ac664b3873b89c26c9d8415e8e32996f", size = 50070, upload-time = "2026-08-13T19:16:04.062Z" },
]

[[package]]
name = "tomlkit"
version = "0.15.1"
source = { registry = "https://pypi.org/simple" }
sdist = { url = "https://files.pythonhosted.org/packages/94/96/e07752635b98536177fa1f37671c8f3cdde2e724c6bcf6034b2cfb571565/tomlkit-0.15.1.tar.gz", hash = "sha256:e25bbf38843005246210a12982776f27f99cb9be67160e14434d0c0d21ee1e97", size = 180129, upload-time = "2026-07-17T01:48:04.562Z" }
wheels = [
    { url = "https://files.pythonhosted.org/packages/13/bc/8c13eb66537dce1d2bd3a57132902f38d0e7f5bb46fa9f4daed9fe9d76ee/tomlkit-0.15.1-py3-none-any.whl", hash = "sha256:177a05aece5a8ca5266fd3c448abb47b8d352f09d477d3ca8332db4d89b24304", size = 49449, upload-time = "2026-07-17T01:48:05.728Z" },
]

[[package]]
name = "typing-extensions"
version = "4.16.0"
source = { registry = "https://pypi.org/simple" }
sdist = { url = "https://files.pythonhosted.org/packages/f6/cc/6253133b5bb138fc3306cebfbda2c520f545d36b5be2c7255cc528bb45d6/typing_extensions-4.16.0.tar.gz", hash = "sha256:dc983d19a509c94dba722ee6abd33940f7c05a89e243c47e907eb4db6f1a43e5", size = 113555, upload-time = "2026-07-02T08:40:05.92Z" }
wheels = [
    { url = "https://files.pythonhosted.org/packages/49/d3/b8441a820a491ddfc024b0b0cf0393375b75ea13866d9c66727e54c2fc80/typing_extensions-4.16.0-py3-none-any.whl", hash = "sha256:481caa481374e813c1b176ada14e97f1f67a4539ce9cfeb3f350d78d6370c2e8", size = 45571, upload-time = "2026-07-02T08:40:04.659Z" },
]

[[package]]
name = "tzdata"
version = "2026.5"
source = { registry = "https://pypi.org/simple" }
sdist = { url = "https://files.pythonhosted.org/packages/d9/68/f1b440335057bfce71b6e50a9d09445aa2ecbd08359a337976627b8409e7/tzdata-2026.5.tar.gz", hash = "sha256:8cc73c0a0bfca7dbfa59235d60b2eff82231dee33f53d206db1acd9173cfc0a7", size = 200404, upload-time = "2026-10-03T09:23:14.143Z" }
wheels = [
    { url = "https://files.pythonhosted.org/packages/94/21/1e5995a1c920cce14e4bffae20c665ec10e7ed03ab25e006cd741092b718/tzdata-2026.5-py2.py3-none-any.whl", hash = "sha256:b683bd1b6659ddcd810ff02ad09ba821d4bf1065072805063eb35c49617905ac", size = 347996, upload-time = "2026-10-03T09:23:12.535Z" },
]
